
Microsoft Visual Studio Solution File, Format Version 12.00
# Visual Studio Version 16
VisualStudioVersion = 16.0.31321.278
MinimumVisualStudioVersion = 10.0.40219.1
Project("{FAE04EC0-301F-11D3-BF4B-00C04F79EFBC}") = "MHR Charm Reader", "MHR-CR\MHR Charm Reader.csproj", "{6D3D670C-E923-4A85-AB16-BB76A0BBE382}"
EndProject
Global
	GlobalSection(SolutionConfigurationPlatforms) = preSolution
		Debug|Any CPU = Debug|Any CPU
		Release|Any CPU = Release|Any CPU
	EndGlobalSection
	GlobalSection(ProjectConfigurationPlatforms) = postSolution
		{6D3D670C-E923-4A85-AB16-BB76A0BBE382}.Debug|Any CPU.ActiveCfg = Debug|Any CPU
		{6D3D670C-E923-4A85-AB16-BB76A0BBE382}.Debug|Any CPU.Build.0 = Debug|Any CPU
		{6D3D670C-E923-4A85-AB16-BB76A0BBE382}.Release|Any CPU.ActiveCfg = Release|Any CPU
		{6D3D670C-E923-4A85-AB16-BB76A0BBE382}.Release|Any CPU.Build.0 = Release|Any CPU
	EndGlobalSection
	GlobalSection(SolutionProperties) = preSolution
		HideSolutionNode = FALSE
	EndGlobalSection
	GlobalSection(ExtensibilityGlobals) = postSolution
		SolutionGuid = {392EE850-33FA-44EF-8C38-9E9F16D54BE7}
	EndGlobalSection
EndGlobal
